// !$*UTF8*$!
{
	archiveVersion = 1;
	classes = {
	};
	objectVersion = 48;
	objects = {

/* Begin PBXBuildFile section */
		5957304821F9C96200E476C9 /* AppDelegate.swift in Sources */ = {isa = PBXBuildFile; fileRef = 5957304721F9C96200E476C9 /* AppDelegate.swift */; };
		5957304A21F9C96200E476C9 /* ViewController.swift in Sources */ = {isa = PBXBuildFile; fileRef = 5957304921F9C96200E476C9 /* ViewController.swift */; };
		5957304D21F9C96200E476C9 /* Main.storyboard in Resources */ = {isa = PBXBuildFile; fileRef = 5957304B21F9C96200E476C9 /* Main.storyboard */; };
		5957304F21F9C96200E476C9 /* Assets.xcassets in Resources */ = {isa = PBXBuildFile; fileRef = 5957304E21F9C96200E476C9 /* Assets.xcassets */; };
		5957305221F9C96200E476C9 /* LaunchScreen.storyboard in Resources */ = {isa = PBXBuildFile; fileRef = 5957305021F9C96200E476C9 /* LaunchScreen.storyboard */; };
		5957305A21F9C9D400E476C9 /* DataImg.swift in Sources */ = {isa = PBXBuildFile; fileRef = 5957305921F9C9D400E476C9 /* DataImg.swift */; };
		5957305D21F9D12100E476C9 /* CustomCollectionViewCell.swift in Sources */ = {isa = PBXBuildFile; fileRef = 5957305B21F9D12100E476C9 /* CustomCollectionViewCell.swift */; };
		5957305E21F9D12100E476C9 /* CustomCollectionViewCell.xib in Resources */ = {isa = PBXBuildFile; fileRef = 5957305C21F9D12100E476C9 /* CustomCollectionViewCell.xib */; };
		59EDFA6821FA1750006DC3BD /* ShowImageController.swift in Sources */ = {isa = PBXBuildFile; fileRef = 59EDFA6721FA1750006DC3BD /* ShowImageController.swift */; };
/* End PBXBuildFile section */

/* Begin PBXFileReference section */
		5957304421F9C96100E476C9 /* APM.app */ = {isa = PBXFileReference; explicitFileType = wrapper.application; includeInIndex = 0; path = APM.app; sourceTree = BUILT_PRODUCTS_DIR; };
		5957304721F9C96200E476C9 /* AppDelegate.swift */ = {isa = PBXFileReference; lastKnownFileType = sourcecode.swift; path = AppDelegate.swift; sourceTree = "<group>"; };
		5957304921F9C96200E476C9 /* ViewController.swift */ = {isa = PBXFileReference; lastKnownFileType = sourcecode.swift; path = ViewController.swift; sourceTree = "<group>"; };
		5957304C21F9C96200E476C9 /* Base */ = {isa = PBXFileReference; lastKnownFileType = file.storyboard; name = Base; path = Base.lproj/Main.storyboard; sourceTree = "<group>"; };
		5957304E21F9C96200E476C9 /* Assets.xcassets */ = {isa = PBXFileReference; lastKnownFileType = folder.assetcatalog; path = Assets.xcassets; sourceTree = "<group>"; };
		5957305121F9C96200E476C9 /* Base */ = {isa = PBXFileReference; lastKnownFileType = file.storyboard; name = Base; path = Base.lproj/LaunchScreen.storyboard; sourceTree = "<group>"; };
		5957305321F9C96200E476C9 /* Info.plist */ = {isa = PBXFileReference; lastKnownFileType = text.plist.xml; path = Info.plist; sourceTree = "<group>"; };
		5957305921F9C9D400E476C9 /* DataImg.swift */ = {isa = PBXFileReference; lastKnownFileType = sourcecode.swift; path = DataImg.swift; sourceTree = "<group>"; };
		5957305B21F9D12100E476C9 /* CustomCollectionViewCell.swift */ = {isa = PBXFileReference; lastKnownFileType = sourcecode.swift; path = CustomCollectionViewCell.swift; sourceTree = "<group>"; };
		5957305C21F9D12100E476C9 /* CustomCollectionViewCell.xib */ = {isa = PBXFileReference; lastKnownFileType = file.xib; path = CustomCollectionViewCell.xib; sourceTree = "<group>"; };
		59EDFA6721FA1750006DC3BD /* ShowImageController.swift */ = {isa = PBXFileReference; lastKnownFileType = sourcecode.swift; path = ShowImageController.swift; sourceTree = "<group>"; };
/* End PBXFileReference section */

/* Begin PBXFrameworksBuildPhase section */
		5957304121F9C96100E476C9 /* Frameworks */ = {
			isa = PBXFrameworksBuildPhase;
			buildActionMask = 2147483647;
			files = (
			);
			runOnlyForDeploymentPostprocessing = 0;
		};
/* End PBXFrameworksBuildPhase section */

/* Begin PBXGroup section */
		5957303B21F9C96100E476C9 = {
			isa = PBXGroup;
			children = (
				5957304621F9C96200E476C9 /* APM */,
				5957304521F9C96100E476C9 /* Products */,
			);
			sourceTree = "<group>";
		};
		5957304521F9C96100E476C9 /* Products */ = {
			isa = PBXGroup;
			children = (
				5957304421F9C96100E476C9 /* APM.app */,
			);
			name = Products;
			sourceTree = "<group>";
		};
		5957304621F9C96200E476C9 /* APM */ = {
			isa = PBXGroup;
			children = (
				5957304721F9C96200E476C9 /* AppDelegate.swift */,
				5957304921F9C96200E476C9 /* ViewController.swift */,
				5957304B21F9C96200E476C9 /* Main.storyboard */,
				5957304E21F9C96200E476C9 /* Assets.xcassets */,
				5957305021F9C96200E476C9 /* LaunchScreen.storyboard */,
				5957305321F9C96200E476C9 /* Info.plist */,
				5957305921F9C9D400E476C9 /* DataImg.swift */,
				5957305B21F9D12100E476C9 /* CustomCollectionViewCell.swift */,
				5957305C21F9D12100E476C9 /* CustomCollectionViewCell.xib */,
				59EDFA6721FA1750006DC3BD /* ShowImageController.swift */,
			);
			path = APM;
			sourceTree = "<group>";
		};
/* End PBXGroup section */

/* Begin PBXNativeTarget section */
		5957304321F9C96100E476C9 /* APM */ = {
			isa = PBXNativeTarget;
			buildConfigurationList = 5957305621F9C96200E476C9 /* Build configuration list for PBXNativeTarget "APM" */;
			buildPhases = (
				5957304021F9C96100E476C9 /* Sources */,
				5957304121F9C96100E476C9 /* Frameworks */,
				5957304221F9C96100E476C9 /* Resources */,
			);
			buildRules = (
			);
			dependencies = (
			);
			name = APM;
			productName = APM;
			productReference = 5957304421F9C96100E476C9 /* APM.app */;
			productType = "com.apple.product-type.application";
		};
/* End PBXNativeTarget section */

/* Begin PBXProject section */
		5957303C21F9C96100E476C9 /* Project object */ = {
			isa = PBXProject;
			attributes = {
				LastSwiftUpdateCheck = 0920;
				LastUpgradeCheck = 0920;
				ORGANIZATIONNAME = "Felicien RENAUD";
				TargetAttributes = {
					5957304321F9C96100E476C9 = {
						CreatedOnToolsVersion = 9.2;
						ProvisioningStyle = Automatic;
					};
				};
			};
			buildConfigurationList = 5957303F21F9C96100E476C9 /* Build configuration list for PBXProject "APM" */;
			compatibilityVersion = "Xcode 8.0";
			developmentRegion = en;
			hasScannedForEncodings = 0;
			knownRegions = (
				en,
				Base,
			);
			mainGroup = 5957303B21F9C96100E476C9;
			productRefGroup = 5957304521F9C96100E476C9 /* Products */;
			projectDirPath = "";
			projectRoot = "";
			targets = (
				5957304321F9C96100E476C9 /* APM */,
			);
		};
/* End PBXProject section */

/* Begin PBXResourcesBuildPhase section */
		5957304221F9C96100E476C9 /* Resources */ = {
			isa = PBXResourcesBuildPhase;
			buildActionMask = 2147483647;
			files = (
				5957305221F9C96200E476C9 /* LaunchScreen.storyboard in Resources */,
				5957304F21F9C96200E476C9 /* Assets.xcassets in Resources */,
				5957304D21F9C96200E476C9 /* Main.storyboard in Resources */,
				5957305E21F9D12100E476C9 /* CustomCollectionViewCell.xib in Resources */,
			);
			runOnlyForDeploymentPostprocessing = 0;
		};
/* End PBXResourcesBuildPhase section */

/* Begin PBXSourcesBuildPhase section */
		5957304021F9C96100E476C9 /* Sources */ = {
			isa = PBXSourcesBuildPhase;
			buildActionMask = 2147483647;
			files = (
				59EDFA6821FA1750006DC3BD /* ShowImageController.swift in Sources */,
				5957304A21F9C96200E476C9 /* ViewController.swift in Sources */,
				5957304821F9C96200E476C9 /* AppDelegate.swift in Sources */,
				5957305A21F9C9D400E476C9 /* DataImg.swift in Sources */,
				5957305D21F9D12100E476C9 /* CustomCollectionViewCell.swift in Sources */,
			);
			runOnlyForDeploymentPostprocessing = 0;
		};
/* End PBXSourcesBuildPhase section */

/* Begin PBXVariantGroup section */
		5957304B21F9C96200E476C9 /* Main.storyboard */ = {
			isa = PBXVariantGroup;
			children = (
				5957304C21F9C96200E476C9 /* Base */,
			);
			name = Main.storyboard;
			sourceTree = "<group>";
		};
		5957305021F9C96200E476C9 /* LaunchScreen.storyboard */ = {
			isa = PBXVariantGroup;
			children = (
				5957305121F9C96200E476C9 /* Base */,
			);
			name = LaunchScreen.storyboard;
			sourceTree = "<group>";
		};
/* End PBXVariantGroup section */

/* Begin XCBuildConfiguration section */
		5957305421F9C96200E476C9 /* Debug */ = {
			isa = XCBuildConfiguration;
			buildSettings = {
				ALWAYS_SEARCH_USER_PATHS = NO;
				CLANG_ANALYZER_NONNULL = YES;
				CLANG_ANALYZER_NUMBER_OBJECT_CONVERSION = YES_AGGRESSIVE;
				CLANG_CXX_LANGUAGE_STANDARD = "gnu++14";
				CLANG_CXX_LIBRARY = "libc++";
				CLANG_ENABLE_MODULES = YES;
				CLANG_ENABLE_OBJC_ARC = YES;
				CLANG_WARN_BLOCK_CAPTURE_AUTORELEASING = YES;
				CLANG_WARN_BOOL_CONVERSION = YES;
				CLANG_WARN_COMMA = YES;
				CLANG_WARN_CONSTANT_CONVERSION = YES;
				CLANG_WARN_DIRECT_OBJC_ISA_USAGE = YES_ERROR;
				CLANG_WARN_DOCUMENTATION_COMMENTS = YES;
				CLANG_WARN_EMPTY_BODY = YES;
				CLANG_WARN_ENUM_CONVERSION = YES;
				CLANG_WARN_INFINITE_RECURSION = YES;
				CLANG_WARN_INT_CONVERSION = YES;
				CLANG_WARN_NON_LITERAL_NULL_CONVERSION = YES;
				CLANG_WARN_OBJC_LITERAL_CONVERSION = YES;
				CLANG_WARN_OBJC_ROOT_CLASS = YES_ERROR;
				CLANG_WARN_RANGE_LOOP_ANALYSIS = YES;
				CLANG_WARN_STRICT_PROTOTYPES = YES;
				CLANG_WARN_SUSPICIOUS_MOVE = YES;
				CLANG_WARN_UNGUARDED_AVAILABILITY = YES_AGGRESSIVE;
				CLANG_WARN_UNREACHABLE_CODE = YES;
				CLANG_WARN__DUPLICATE_METHOD_MATCH = YES;
				CODE_SIGN_IDENTITY = "iPhone Developer";
				COPY_PHASE_STRIP = NO;
				DEBUG_INFORMATION_FORMAT = dwarf;
				ENABLE_STRICT_OBJC_MSGSEND = YES;
				ENABLE_TESTABILITY = YES;
				GCC_C_LANGUAGE_STANDARD = gnu11;
				GCC_DYNAMIC_NO_PIC = NO;
				GCC_NO_COMMON_BLOCKS = YES;
				GCC_OPTIMIZATION_LEVEL = 0;
				GCC_PREPROCESSOR_DEFINITIONS = (
					"DEBUG=1",
					"$(inherited)",
				);
				GCC_WARN_64_TO_32_BIT_CONVERSION = YES;
				GCC_WARN_ABOUT_RETURN_TYPE = YES_ERROR;
				GCC_WARN_UNDECLARED_SELECTOR = YES;
				GCC_WARN_UNINITIALIZED_AUTOS = YES_AGGRESSIVE;
				GCC_WARN_UNUSED_FUNCTION = YES;
				GCC_WARN_UNUSED_VARIABLE = YES;
				IPHONEOS_DEPLOYMENT_TARGET = 11.2;
				MTL_ENABLE_DEBUG_INFO = YES;
				ONLY_ACTIVE_ARCH = YES;
				SDKROOT = iphoneos;
				SWIFT_ACTIVE_COMPILATION_CONDITIONS = DEBUG;
				SWIFT_OPTIMIZATION_LEVEL = "-Onone";
			};
			name = Debug;
		};
		5957305521F9C96200E476C9 /* Release */ = {
			isa = XCBuildConfiguration;
			buildSettings = {
				ALWAYS_SEARCH_USER_PATHS = NO;
				CLANG_ANALYZER_NONNULL = YES;
				CLANG_ANALYZER_NUMBER_OBJECT_CONVERSION = YES_AGGRESSIVE;
				CLANG_CXX_LANGUAGE_STANDARD = "gnu++14";
				CLANG_CXX_LIBRARY = "libc++";
				CLANG_ENABLE_MODULES = YES;
				CLANG_ENABLE_OBJC_ARC = YES;
				CLANG_WARN_BLOCK_CAPTURE_AUTORELEASING = YES;
				CLANG_WARN_BOOL_CONVERSION = YES;
				CLANG_WARN_COMMA = YES;
				CLANG_WARN_CONSTANT_CONVERSION = YES;
				CLANG_WARN_DIRECT_OBJC_ISA_USAGE = YES_ERROR;
				CLANG_WARN_DOCUMENTATION_COMMENTS = YES;
				CLANG_WARN_EMPTY_BODY = YES;
				CLANG_WARN_ENUM_CONVERSION = YES;
				CLANG_WARN_INFINITE_RECURSION = YES;
				CLANG_WARN_INT_CONVERSION = YES;
				CLANG_WARN_NON_LITERAL_NULL_CONVERSION = YES;
				CLANG_WARN_OBJC_LITERAL_CONVERSION = YES;
				CLANG_WARN_OBJC_ROOT_CLASS = YES_ERROR;
				CLANG_WARN_RANGE_LOOP_ANALYSIS = YES;
				CLANG_WARN_STRICT_PROTOTYPES = YES;
				CLANG_WARN_SUSPICIOUS_MOVE = YES;
				CLANG_WARN_UNGUARDED_AVAILABILITY = YES_AGGRESSIVE;
				CLANG_WARN_UNREACHABLE_CODE = YES;
				CLANG_WARN__DUPLICATE_METHOD_MATCH = YES;
				CODE_SIGN_IDENTITY = "iPhone Developer";
				COPY_PHASE_STRIP = NO;
				DEBUG_INFORMATION_FORMAT = "dwarf-with-dsym";
				ENABLE_NS_ASSERTIONS = NO;
				ENABLE_STRICT_OBJC_MSGSEND = YES;
				GCC_C_LANGUAGE_STANDARD = gnu11;
				GCC_NO_COMMON_BLOCKS = YES;
				GCC_WARN_64_TO_32_BIT_CONVERSION = YES;
				GCC_WARN_ABOUT_RETURN_TYPE = YES_ERROR;
				GCC_WARN_UNDECLARED_SELECTOR = YES;
				GCC_WARN_UNINITIALIZED_AUTOS = YES_AGGRESSIVE;
				GCC_WARN_UNUSED_FUNCTION = YES;
				GCC_WARN_UNUSED_VARIABLE = YES;
				IPHONEOS_DEPLOYMENT_TARGET = 11.2;
				MTL_ENABLE_DEBUG_INFO = NO;
				SDKROOT = iphoneos;
				SWIFT_OPTIMIZATION_LEVEL = "-Owholemodule";
				VALIDATE_PRODUCT = YES;
			};
			name = Release;
		};
		5957305721F9C96200E476C9 /* Debug */ = {
			isa = XCBuildConfiguration;
			buildSettings = {
				ASSETCATALOG_COMPILER_APPICON_NAME = AppIcon;
				CODE_SIGN_STYLE = Automatic;
				INFOPLIST_FILE = APM/Info.plist;
				LD_RUNPATH_SEARCH_PATHS = "$(inherited) @executable_path/Frameworks";
				PRODUCT_BUNDLE_IDENTIFIER = com.frenaud.APM;
				PRODUCT_NAME = "$(TARGET_NAME)";
				SWIFT_VERSION = 4.0;
				TARGETED_DEVICE_FAMILY = "1,2";
			};
			name = Debug;
		};
		5957305821F9C96200E476C9 /* Release */ = {
			isa = XCBuildConfiguration;
			buildSettings = {
				ASSETCATALOG_COMPILER_APPICON_NAME = AppIcon;
				CODE_SIGN_STYLE = Automatic;
				INFOPLIST_FILE = APM/Info.plist;
				LD_RUNPATH_SEARCH_PATHS = "$(inherited) @executable_path/Frameworks";
				PRODUCT_BUNDLE_IDENTIFIER = com.frenaud.APM;
				PRODUCT_NAME = "$(TARGET_NAME)";
				SWIFT_VERSION = 4.0;
				TARGETED_DEVICE_FAMILY = "1,2";
			};
			name = Release;
		};
/* End XCBuildConfiguration section */

/* Begin XCConfigurationList section */
		5957303F21F9C96100E476C9 /* Build configuration list for PBXProject "APM" */ = {
			isa = XCConfigurationList;
			buildConfigurations = (
				5957305421F9C96200E476C9 /* Debug */,
				5957305521F9C96200E476C9 /* Release */,
			);
			defaultConfigurationIsVisible = 0;
			defaultConfigurationName = Release;
		};
		5957305621F9C96200E476C9 /* Build configuration list for PBXNativeTarget "APM" */ = {
			isa = XCConfigurationList;
			buildConfigurations = (
				5957305721F9C96200E476C9 /* Debug */,
				5957305821F9C96200E476C9 /* Release */,
			);
			defaultConfigurationIsVisible = 0;
			defaultConfigurationName = Release;
		};
/* End XCConfigurationList section */
	};
	rootObject = 5957303C21F9C96100E476C9 /* Project object */;
}
