// !$*UTF8*$!
{
	archiveVersion = 1;
	classes = {
	};
	objectVersion = 48;
	objects = {

/* Begin PBXBuildFile section */
		5984650F21E751640021C1CB /* CustomTableViewCell.swift in Sources */ = {isa = PBXBuildFile; fileRef = 5984650D21E751640021C1CB /* CustomTableViewCell.swift */; };
		5984651021E751640021C1CB /* CustomTableViewCell.xib in Resources */ = {isa = PBXBuildFile; fileRef = 5984650E21E751640021C1CB /* CustomTableViewCell.xib */; };
		5984651421E765F70021C1CB /* WriteDeathController.swift in Sources */ = {isa = PBXBuildFile; fileRef = 5984651321E765F70021C1CB /* WriteDeathController.swift */; };
		59CB411921E6520F008FF2F4 /* AppDelegate.swift in Sources */ = {isa = PBXBuildFile; fileRef = 59CB411821E6520F008FF2F4 /* AppDelegate.swift */; };
		59CB411B21E6520F008FF2F4 /* ViewController.swift in Sources */ = {isa = PBXBuildFile; fileRef = 59CB411A21E6520F008FF2F4 /* ViewController.swift */; };
		59CB411E21E6520F008FF2F4 /* Main.storyboard in Resources */ = {isa = PBXBuildFile; fileRef = 59CB411C21E6520F008FF2F4 /* Main.storyboard */; };
		59CB412021E6520F008FF2F4 /* Assets.xcassets in Resources */ = {isa = PBXBuildFile; fileRef = 59CB411F21E6520F008FF2F4 /* Assets.xcassets */; };
		59CB412321E6520F008FF2F4 /* LaunchScreen.storyboard in Resources */ = {isa = PBXBuildFile; fileRef = 59CB412121E6520F008FF2F4 /* LaunchScreen.storyboard */; };
		59CB412B21E653B8008FF2F4 /* Mort.swift in Sources */ = {isa = PBXBuildFile; fileRef = 59CB412A21E653B8008FF2F4 /* Mort.swift */; };
/* End PBXBuildFile section */

/* Begin PBXFileReference section */
		5984650D21E751640021C1CB /* CustomTableViewCell.swift */ = {isa = PBXFileReference; lastKnownFileType = sourcecode.swift; path = CustomTableViewCell.swift; sourceTree = "<group>"; };
		5984650E21E751640021C1CB /* CustomTableViewCell.xib */ = {isa = PBXFileReference; lastKnownFileType = file.xib; path = CustomTableViewCell.xib; sourceTree = "<group>"; };
		5984651321E765F70021C1CB /* WriteDeathController.swift */ = {isa = PBXFileReference; lastKnownFileType = sourcecode.swift; path = WriteDeathController.swift; sourceTree = "<group>"; };
		59CB411521E6520F008FF2F4 /* deathNote.app */ = {isa = PBXFileReference; explicitFileType = wrapper.application; includeInIndex = 0; path = deathNote.app; sourceTree = BUILT_PRODUCTS_DIR; };
		59CB411821E6520F008FF2F4 /* AppDelegate.swift */ = {isa = PBXFileReference; lastKnownFileType = sourcecode.swift; path = AppDelegate.swift; sourceTree = "<group>"; };
		59CB411A21E6520F008FF2F4 /* ViewController.swift */ = {isa = PBXFileReference; lastKnownFileType = sourcecode.swift; path = ViewController.swift; sourceTree = "<group>"; };
		59CB411D21E6520F008FF2F4 /* Base */ = {isa = PBXFileReference; lastKnownFileType = file.storyboard; name = Base; path = Base.lproj/Main.storyboard; sourceTree = "<group>"; };
		59CB411F21E6520F008FF2F4 /* Assets.xcassets */ = {isa = PBXFileReference; lastKnownFileType = folder.assetcatalog; path = Assets.xcassets; sourceTree = "<group>"; };
		59CB412221E6520F008FF2F4 /* Base */ = {isa = PBXFileReference; lastKnownFileType = file.storyboard; name = Base; path = Base.lproj/LaunchScreen.storyboard; sourceTree = "<group>"; };
		59CB412421E6520F008FF2F4 /* Info.plist */ = {isa = PBXFileReference; lastKnownFileType = text.plist.xml; path = Info.plist; sourceTree = "<group>"; };
		59CB412A21E653B8008FF2F4 /* Mort.swift */ = {isa = PBXFileReference; lastKnownFileType = sourcecode.swift; path = Mort.swift; sourceTree = "<group>"; };
/* End PBXFileReference section */

/* Begin PBXFrameworksBuildPhase section */
		59CB411221E6520F008FF2F4 /* Frameworks */ = {
			isa = PBXFrameworksBuildPhase;
			buildActionMask = 2147483647;
			files = (
			);
			runOnlyForDeploymentPostprocessing = 0;
		};
/* End PBXFrameworksBuildPhase section */

/* Begin PBXGroup section */
		59CB410C21E6520F008FF2F4 = {
			isa = PBXGroup;
			children = (
				59CB411721E6520F008FF2F4 /* deathNote */,
				59CB411621E6520F008FF2F4 /* Products */,
			);
			sourceTree = "<group>";
		};
		59CB411621E6520F008FF2F4 /* Products */ = {
			isa = PBXGroup;
			children = (
				59CB411521E6520F008FF2F4 /* deathNote.app */,
			);
			name = Products;
			sourceTree = "<group>";
		};
		59CB411721E6520F008FF2F4 /* deathNote */ = {
			isa = PBXGroup;
			children = (
				59CB411821E6520F008FF2F4 /* AppDelegate.swift */,
				59CB411A21E6520F008FF2F4 /* ViewController.swift */,
				5984650D21E751640021C1CB /* CustomTableViewCell.swift */,
				5984650E21E751640021C1CB /* CustomTableViewCell.xib */,
				59CB411C21E6520F008FF2F4 /* Main.storyboard */,
				59CB411F21E6520F008FF2F4 /* Assets.xcassets */,
				59CB412121E6520F008FF2F4 /* LaunchScreen.storyboard */,
				59CB412421E6520F008FF2F4 /* Info.plist */,
				59CB412A21E653B8008FF2F4 /* Mort.swift */,
				5984651321E765F70021C1CB /* WriteDeathController.swift */,
			);
			path = deathNote;
			sourceTree = "<group>";
		};
/* End PBXGroup section */

/* Begin PBXNativeTarget section */
		59CB411421E6520F008FF2F4 /* deathNote */ = {
			isa = PBXNativeTarget;
			buildConfigurationList = 59CB412721E6520F008FF2F4 /* Build configuration list for PBXNativeTarget "deathNote" */;
			buildPhases = (
				59CB411121E6520F008FF2F4 /* Sources */,
				59CB411221E6520F008FF2F4 /* Frameworks */,
				59CB411321E6520F008FF2F4 /* Resources */,
			);
			buildRules = (
			);
			dependencies = (
			);
			name = deathNote;
			productName = deathNote;
			productReference = 59CB411521E6520F008FF2F4 /* deathNote.app */;
			productType = "com.apple.product-type.application";
		};
/* End PBXNativeTarget section */

/* Begin PBXProject section */
		59CB410D21E6520F008FF2F4 /* Project object */ = {
			isa = PBXProject;
			attributes = {
				LastSwiftUpdateCheck = 0920;
				LastUpgradeCheck = 0920;
				ORGANIZATIONNAME = "Felicien RENAUD";
				TargetAttributes = {
					59CB411421E6520F008FF2F4 = {
						CreatedOnToolsVersion = 9.2;
						ProvisioningStyle = Automatic;
					};
				};
			};
			buildConfigurationList = 59CB411021E6520F008FF2F4 /* Build configuration list for PBXProject "deathNote" */;
			compatibilityVersion = "Xcode 8.0";
			developmentRegion = en;
			hasScannedForEncodings = 0;
			knownRegions = (
				en,
				Base,
			);
			mainGroup = 59CB410C21E6520F008FF2F4;
			productRefGroup = 59CB411621E6520F008FF2F4 /* Products */;
			projectDirPath = "";
			projectRoot = "";
			targets = (
				59CB411421E6520F008FF2F4 /* deathNote */,
			);
		};
/* End PBXProject section */

/* Begin PBXResourcesBuildPhase section */
		59CB411321E6520F008FF2F4 /* Resources */ = {
			isa = PBXResourcesBuildPhase;
			buildActionMask = 2147483647;
			files = (
				59CB412321E6520F008FF2F4 /* LaunchScreen.storyboard in Resources */,
				59CB412021E6520F008FF2F4 /* Assets.xcassets in Resources */,
				5984651021E751640021C1CB /* CustomTableViewCell.xib in Resources */,
				59CB411E21E6520F008FF2F4 /* Main.storyboard in Resources */,
			);
			runOnlyForDeploymentPostprocessing = 0;
		};
/* End PBXResourcesBuildPhase section */

/* Begin PBXSourcesBuildPhase section */
		59CB411121E6520F008FF2F4 /* Sources */ = {
			isa = PBXSourcesBuildPhase;
			buildActionMask = 2147483647;
			files = (
				59CB411B21E6520F008FF2F4 /* ViewController.swift in Sources */,
				59CB412B21E653B8008FF2F4 /* Mort.swift in Sources */,
				5984650F21E751640021C1CB /* CustomTableViewCell.swift in Sources */,
				59CB411921E6520F008FF2F4 /* AppDelegate.swift in Sources */,
				5984651421E765F70021C1CB /* WriteDeathController.swift in Sources */,
			);
			runOnlyForDeploymentPostprocessing = 0;
		};
/* End PBXSourcesBuildPhase section */

/* Begin PBXVariantGroup section */
		59CB411C21E6520F008FF2F4 /* Main.storyboard */ = {
			isa = PBXVariantGroup;
			children = (
				59CB411D21E6520F008FF2F4 /* Base */,
			);
			name = Main.storyboard;
			sourceTree = "<group>";
		};
		59CB412121E6520F008FF2F4 /* LaunchScreen.storyboard */ = {
			isa = PBXVariantGroup;
			children = (
				59CB412221E6520F008FF2F4 /* Base */,
			);
			name = LaunchScreen.storyboard;
			sourceTree = "<group>";
		};
/* End PBXVariantGroup section */

/* Begin XCBuildConfiguration section */
		59CB412521E6520F008FF2F4 /* Debug */ = {
			isa = XCBuildConfiguration;
			buildSettings = {
				ALWAYS_SEARCH_USER_PATHS = NO;
				CLANG_ANALYZER_NONNULL = YES;
				CLANG_ANALYZER_NUMBER_OBJECT_CONVERSION = YES_AGGRESSIVE;
				CLANG_CXX_LANGUAGE_STANDARD = "gnu++14";
				CLANG_CXX_LIBRARY = "libc++";
				CLANG_ENABLE_MODULES = YES;
				CLANG_ENABLE_OBJC_ARC = YES;
				CLANG_WARN_BLOCK_CAPTURE_AUTORELEASING = YES;
				CLANG_WARN_BOOL_CONVERSION = YES;
				CLANG_WARN_COMMA = YES;
				CLANG_WARN_CONSTANT_CONVERSION = YES;
				CLANG_WARN_DIRECT_OBJC_ISA_USAGE = YES_ERROR;
				CLANG_WARN_DOCUMENTATION_COMMENTS = YES;
				CLANG_WARN_EMPTY_BODY = YES;
				CLANG_WARN_ENUM_CONVERSION = YES;
				CLANG_WARN_INFINITE_RECURSION = YES;
				CLANG_WARN_INT_CONVERSION = YES;
				CLANG_WARN_NON_LITERAL_NULL_CONVERSION = YES;
				CLANG_WARN_OBJC_LITERAL_CONVERSION = YES;
				CLANG_WARN_OBJC_ROOT_CLASS = YES_ERROR;
				CLANG_WARN_RANGE_LOOP_ANALYSIS = YES;
				CLANG_WARN_STRICT_PROTOTYPES = YES;
				CLANG_WARN_SUSPICIOUS_MOVE = YES;
				CLANG_WARN_UNGUARDED_AVAILABILITY = YES_AGGRESSIVE;
				CLANG_WARN_UNREACHABLE_CODE = YES;
				CLANG_WARN__DUPLICATE_METHOD_MATCH = YES;
				CODE_SIGN_IDENTITY = "iPhone Developer";
				COPY_PHASE_STRIP = NO;
				DEBUG_INFORMATION_FORMAT = dwarf;
				ENABLE_STRICT_OBJC_MSGSEND = YES;
				ENABLE_TESTABILITY = YES;
				GCC_C_LANGUAGE_STANDARD = gnu11;
				GCC_DYNAMIC_NO_PIC = NO;
				GCC_NO_COMMON_BLOCKS = YES;
				GCC_OPTIMIZATION_LEVEL = 0;
				GCC_PREPROCESSOR_DEFINITIONS = (
					"DEBUG=1",
					"$(inherited)",
				);
				GCC_WARN_64_TO_32_BIT_CONVERSION = YES;
				GCC_WARN_ABOUT_RETURN_TYPE = YES_ERROR;
				GCC_WARN_UNDECLARED_SELECTOR = YES;
				GCC_WARN_UNINITIALIZED_AUTOS = YES_AGGRESSIVE;
				GCC_WARN_UNUSED_FUNCTION = YES;
				GCC_WARN_UNUSED_VARIABLE = YES;
				IPHONEOS_DEPLOYMENT_TARGET = 11.2;
				MTL_ENABLE_DEBUG_INFO = YES;
				ONLY_ACTIVE_ARCH = YES;
				SDKROOT = iphoneos;
				SWIFT_ACTIVE_COMPILATION_CONDITIONS = DEBUG;
				SWIFT_OPTIMIZATION_LEVEL = "-Onone";
			};
			name = Debug;
		};
		59CB412621E6520F008FF2F4 /* Release */ = {
			isa = XCBuildConfiguration;
			buildSettings = {
				ALWAYS_SEARCH_USER_PATHS = NO;
				CLANG_ANALYZER_NONNULL = YES;
				CLANG_ANALYZER_NUMBER_OBJECT_CONVERSION = YES_AGGRESSIVE;
				CLANG_CXX_LANGUAGE_STANDARD = "gnu++14";
				CLANG_CXX_LIBRARY = "libc++";
				CLANG_ENABLE_MODULES = YES;
				CLANG_ENABLE_OBJC_ARC = YES;
				CLANG_WARN_BLOCK_CAPTURE_AUTORELEASING = YES;
				CLANG_WARN_BOOL_CONVERSION = YES;
				CLANG_WARN_COMMA = YES;
				CLANG_WARN_CONSTANT_CONVERSION = YES;
				CLANG_WARN_DIRECT_OBJC_ISA_USAGE = YES_ERROR;
				CLANG_WARN_DOCUMENTATION_COMMENTS = YES;
				CLANG_WARN_EMPTY_BODY = YES;
				CLANG_WARN_ENUM_CONVERSION = YES;
				CLANG_WARN_INFINITE_RECURSION = YES;
				CLANG_WARN_INT_CONVERSION = YES;
				CLANG_WARN_NON_LITERAL_NULL_CONVERSION = YES;
				CLANG_WARN_OBJC_LITERAL_CONVERSION = YES;
				CLANG_WARN_OBJC_ROOT_CLASS = YES_ERROR;
				CLANG_WARN_RANGE_LOOP_ANALYSIS = YES;
				CLANG_WARN_STRICT_PROTOTYPES = YES;
				CLANG_WARN_SUSPICIOUS_MOVE = YES;
				CLANG_WARN_UNGUARDED_AVAILABILITY = YES_AGGRESSIVE;
				CLANG_WARN_UNREACHABLE_CODE = YES;
				CLANG_WARN__DUPLICATE_METHOD_MATCH = YES;
				CODE_SIGN_IDENTITY = "iPhone Developer";
				COPY_PHASE_STRIP = NO;
				DEBUG_INFORMATION_FORMAT = "dwarf-with-dsym";
				ENABLE_NS_ASSERTIONS = NO;
				ENABLE_STRICT_OBJC_MSGSEND = YES;
				GCC_C_LANGUAGE_STANDARD = gnu11;
				GCC_NO_COMMON_BLOCKS = YES;
				GCC_WARN_64_TO_32_BIT_CONVERSION = YES;
				GCC_WARN_ABOUT_RETURN_TYPE = YES_ERROR;
				GCC_WARN_UNDECLARED_SELECTOR = YES;
				GCC_WARN_UNINITIALIZED_AUTOS = YES_AGGRESSIVE;
				GCC_WARN_UNUSED_FUNCTION = YES;
				GCC_WARN_UNUSED_VARIABLE = YES;
				IPHONEOS_DEPLOYMENT_TARGET = 11.2;
				MTL_ENABLE_DEBUG_INFO = NO;
				SDKROOT = iphoneos;
				SWIFT_OPTIMIZATION_LEVEL = "-Owholemodule";
				VALIDATE_PRODUCT = YES;
			};
			name = Release;
		};
		59CB412821E6520F008FF2F4 /* Debug */ = {
			isa = XCBuildConfiguration;
			buildSettings = {
				ASSETCATALOG_COMPILER_APPICON_NAME = AppIcon;
				CODE_SIGN_STYLE = Automatic;
				INFOPLIST_FILE = deathNote/Info.plist;
				LD_RUNPATH_SEARCH_PATHS = "$(inherited) @executable_path/Frameworks";
				PRODUCT_BUNDLE_IDENTIFIER = com.frenaud.deathNote;
				PRODUCT_NAME = "$(TARGET_NAME)";
				SWIFT_VERSION = 4.0;
				TARGETED_DEVICE_FAMILY = "1,2";
			};
			name = Debug;
		};
		59CB412921E6520F008FF2F4 /* Release */ = {
			isa = XCBuildConfiguration;
			buildSettings = {
				ASSETCATALOG_COMPILER_APPICON_NAME = AppIcon;
				CODE_SIGN_STYLE = Automatic;
				INFOPLIST_FILE = deathNote/Info.plist;
				LD_RUNPATH_SEARCH_PATHS = "$(inherited) @executable_path/Frameworks";
				PRODUCT_BUNDLE_IDENTIFIER = com.frenaud.deathNote;
				PRODUCT_NAME = "$(TARGET_NAME)";
				SWIFT_VERSION = 4.0;
				TARGETED_DEVICE_FAMILY = "1,2";
			};
			name = Release;
		};
/* End XCBuildConfiguration section */

/* Begin XCConfigurationList section */
		59CB411021E6520F008FF2F4 /* Build configuration list for PBXProject "deathNote" */ = {
			isa = XCConfigurationList;
			buildConfigurations = (
				59CB412521E6520F008FF2F4 /* Debug */,
				59CB412621E6520F008FF2F4 /* Release */,
			);
			defaultConfigurationIsVisible = 0;
			defaultConfigurationName = Release;
		};
		59CB412721E6520F008FF2F4 /* Build configuration list for PBXNativeTarget "deathNote" */ = {
			isa = XCConfigurationList;
			buildConfigurations = (
				59CB412821E6520F008FF2F4 /* Debug */,
				59CB412921E6520F008FF2F4 /* Release */,
			);
			defaultConfigurationIsVisible = 0;
			defaultConfigurationName = Release;
		};
/* End XCConfigurationList section */
	};
	rootObject = 59CB410D21E6520F008FF2F4 /* Project object */;
}
